
Microsoft Visual Studio Solution File, Format Version 11.00
# Visual Studio 2010
Project("{FAE04EC0-301F-11D3-BF4B-00C04F79EFBC}") = "MummyShooter", "Assembly-CSharp.csproj", "{BA33D334-B2CB-9507-ED46-CA01302AA63E}"
EndProject
Project("{FAE04EC0-301F-11D3-BF4B-00C04F79EFBC}") = "MummyShooter", "Assembly-CSharp-firstpass.csproj", "{9C404289-2BEC-8A3C-5CB5-EDED31F2F736}"
EndProject
Project("{FAE04EC0-301F-11D3-BF4B-00C04F79EFBC}") = "MummyShooter", "Assembly-CSharp-Editor.csproj", "{1C2D4B5B-4429-E887-EAF0-3E7D128628D8}"
EndProject
Project("{FAE04EC0-301F-11D3-BF4B-00C04F79EFBC}") = "MummyShooter", "Assembly-CSharp-Editor-firstpass.csproj", "{0037E905-3458-1B5C-8A4F-0170F0546319}"
EndProject
Global
	GlobalSection(SolutionConfigurationPlatforms) = preSolution
		Debug|Any CPU = Debug|Any CPU
		Release|Any CPU = Release|Any CPU
	EndGlobalSection
	GlobalSection(ProjectConfigurationPlatforms) = postSolution
		{BA33D334-B2CB-9507-ED46-CA01302AA63E}.Debug|Any CPU.ActiveCfg = Debug|Any CPU
		{BA33D334-B2CB-9507-ED46-CA01302AA63E}.Debug|Any CPU.Build.0 = Debug|Any CPU
		{BA33D334-B2CB-9507-ED46-CA01302AA63E}.Release|Any CPU.ActiveCfg = Release|Any CPU
		{BA33D334-B2CB-9507-ED46-CA01302AA63E}.Release|Any CPU.Build.0 = Release|Any CPU
		{9C404289-2BEC-8A3C-5CB5-EDED31F2F736}.Debug|Any CPU.ActiveCfg = Debug|Any CPU
		{9C404289-2BEC-8A3C-5CB5-EDED31F2F736}.Debug|Any CPU.Build.0 = Debug|Any CPU
		{9C404289-2BEC-8A3C-5CB5-EDED31F2F736}.Release|Any CPU.ActiveCfg = Release|Any CPU
		{9C404289-2BEC-8A3C-5CB5-EDED31F2F736}.Release|Any CPU.Build.0 = Release|Any CPU
		{1C2D4B5B-4429-E887-EAF0-3E7D128628D8}.Debug|Any CPU.ActiveCfg = Debug|Any CPU
		{1C2D4B5B-4429-E887-EAF0-3E7D128628D8}.Debug|Any CPU.Build.0 = Debug|Any CPU
		{1C2D4B5B-4429-E887-EAF0-3E7D128628D8}.Release|Any CPU.ActiveCfg = Release|Any CPU
		{1C2D4B5B-4429-E887-EAF0-3E7D128628D8}.Release|Any CPU.Build.0 = Release|Any CPU
		{0037E905-3458-1B5C-8A4F-0170F0546319}.Debug|Any CPU.ActiveCfg = Debug|Any CPU
		{0037E905-3458-1B5C-8A4F-0170F0546319}.Debug|Any CPU.Build.0 = Debug|Any CPU
		{0037E905-3458-1B5C-8A4F-0170F0546319}.Release|Any CPU.ActiveCfg = Release|Any CPU
		{0037E905-3458-1B5C-8A4F-0170F0546319}.Release|Any CPU.Build.0 = Release|Any CPU
	EndGlobalSection
	GlobalSection(SolutionProperties) = preSolution
		HideSolutionNode = FALSE
	EndGlobalSection
	GlobalSection(MonoDevelopProperties) = preSolution
		StartupItem = Assembly-CSharp.csproj
	EndGlobalSection
EndGlobal
